Microsoft Visual Studio Solution File, Format Version 11.00
# Visual Studio 2010
Project("{FAE04EC0-301F-11D3-BF4B-00C04F79EFBC}") = "Assembly-CSharp", "Assembly-CSharp.csproj", "{891DFE83-6D9F-6715-29F5-2E0075C65849}"
EndProject
Project("{FAE04EC0-301F-11D3-BF4B-00C04F79EFBC}") = "Assembly-CSharp-Editor", "Assembly-CSharp-Editor.csproj", "{00FB1C9C-BE6B-EA11-AC93-E6CCFC9A64D1}"
EndProject
Global
	GlobalSection(SolutionConfigurationPlatforms) = preSolution
		Debug|Any CPU = Debug|Any CPU
		Release|Any CPU = Release|Any CPU
	EndGlobalSection
	GlobalSection(ProjectConfigurationPlatforms) = postSolution
		{891DFE83-6D9F-6715-29F5-2E0075C65849}.Debug|Any CPU.ActiveCfg = Debug|Any CPU
		{891DFE83-6D9F-6715-29F5-2E0075C65849}.Debug|Any CPU.Build.0 = Debug|Any CPU
		{891DFE83-6D9F-6715-29F5-2E0075C65849}.Release|Any CPU.ActiveCfg = Release|Any CPU
		{891DFE83-6D9F-6715-29F5-2E0075C65849}.Release|Any CPU.Build.0 = Release|Any CPU
		{00FB1C9C-BE6B-EA11-AC93-E6CCFC9A64D1}.Debug|Any CPU.ActiveCfg = Debug|Any CPU
		{00FB1C9C-BE6B-EA11-AC93-E6CCFC9A64D1}.Debug|Any CPU.Build.0 = Debug|Any CPU
		{00FB1C9C-BE6B-EA11-AC93-E6CCFC9A64D1}.Release|Any CPU.ActiveCfg = Release|Any CPU
		{00FB1C9C-BE6B-EA11-AC93-E6CCFC9A64D1}.Release|Any CPU.Build.0 = Release|Any CPU
	EndGlobalSection
	GlobalSection(SolutionProperties) = preSolution
		HideSolutionNode = FALSE
	EndGlobalSection
	GlobalSection(MonoDevelopProperties) = preSolution
		StartupItem = Assembly-CSharp.csproj
	EndGlobalSection
EndGlobal
